
Microsoft Visual Studio Solution File, Format Version 12.00
# Visual Studio Version 17
VisualStudioVersion = 17.0.31903.59
MinimumVisualStudioVersion = 10.0.40219.1
Project("{FAE04EC0-301F-11D3-BF4B-00C04F79EFBC}") = "ModernSoftwareApp", "ModernSoftwareApp\ModernSoftwareApp.csproj", "{A2EC2DA0-B59E-4824-9EB2-D0CD83BD0862}"
EndProject
Project("{FAE04EC0-301F-11D3-BF4B-00C04F79EFBC}") = "ModernSoftwareApp.Tests", "ModernSoftwareApp.Tests\ModernSoftwareApp.Tests.csproj", "{CD69122A-275C-4A0A-B4DB-2420F47472B6}"
EndProject
Global
	GlobalSection(SolutionConfigurationPlatforms) = preSolution
		Debug|Any CPU = Debug|Any CPU
		Debug|x64 = Debug|x64
		Debug|x86 = Debug|x86
		Release|Any CPU = Release|Any CPU
		Release|x64 = Release|x64
		Release|x86 = Release|x86
	EndGlobalSection
	GlobalSection(ProjectConfigurationPlatforms) = postSolution
		{A2EC2DA0-B59E-4824-9EB2-D0CD83BD0862}.Debug|Any CPU.ActiveCfg = Debug|Any CPU
		{A2EC2DA0-B59E-4824-9EB2-D0CD83BD0862}.Debug|Any CPU.Build.0 = Debug|Any CPU
		{A2EC2DA0-B59E-4824-9EB2-D0CD83BD0862}.Debug|x64.ActiveCfg = Debug|Any CPU
		{A2EC2DA0-B59E-4824-9EB2-D0CD83BD0862}.Debug|x64.Build.0 = Debug|Any CPU
		{A2EC2DA0-B59E-4824-9EB2-D0CD83BD0862}.Debug|x86.ActiveCfg = Debug|Any CPU
		{A2EC2DA0-B59E-4824-9EB2-D0CD83BD0862}.Debug|x86.Build.0 = Debug|Any CPU
		{A2EC2DA0-B59E-4824-9EB2-D0CD83BD0862}.Release|Any CPU.ActiveCfg = Release|Any CPU
		{A2EC2DA0-B59E-4824-9EB2-D0CD83BD0862}.Release|Any CPU.Build.0 = Release|Any CPU
		{A2EC2DA0-B59E-4824-9EB2-D0CD83BD0862}.Release|x64.ActiveCfg = Release|Any CPU
		{A2EC2DA0-B59E-4824-9EB2-D0CD83BD0862}.Release|x64.Build.0 = Release|Any CPU
		{A2EC2DA0-B59E-4824-9EB2-D0CD83BD0862}.Release|x86.ActiveCfg = Release|Any CPU
		{A2EC2DA0-B59E-4824-9EB2-D0CD83BD0862}.Release|x86.Build.0 = Release|Any CPU
		{CD69122A-275C-4A0A-B4DB-2420F47472B6}.Debug|Any CPU.ActiveCfg = Debug|Any CPU
		{CD69122A-275C-4A0A-B4DB-2420F47472B6}.Debug|Any CPU.Build.0 = Debug|Any CPU
		{CD69122A-275C-4A0A-B4DB-2420F47472B6}.Debug|x64.ActiveCfg = Debug|Any CPU
		{CD69122A-275C-4A0A-B4DB-2420F47472B6}.Debug|x64.Build.0 = Debug|Any CPU
		{CD69122A-275C-4A0A-B4DB-2420F47472B6}.Debug|x86.ActiveCfg = Debug|Any CPU
		{CD69122A-275C-4A0A-B4DB-2420F47472B6}.Debug|x86.Build.0 = Debug|Any CPU
		{CD69122A-275C-4A0A-B4DB-2420F47472B6}.Release|Any CPU.ActiveCfg = Release|Any CPU
		{CD69122A-275C-4A0A-B4DB-2420F47472B6}.Release|Any CPU.Build.0 = Release|Any CPU
		{CD69122A-275C-4A0A-B4DB-2420F47472B6}.Release|x64.ActiveCfg = Release|Any CPU
		{CD69122A-275C-4A0A-B4DB-2420F47472B6}.Release|x64.Build.0 = Release|Any CPU
		{CD69122A-275C-4A0A-B4DB-2420F47472B6}.Release|x86.ActiveCfg = Release|Any CPU
		{CD69122A-275C-4A0A-B4DB-2420F47472B6}.Release|x86.Build.0 = Release|Any CPU
	EndGlobalSection
	GlobalSection(SolutionProperties) = preSolution
		HideSolutionNode = FALSE
	EndGlobalSection
EndGlobal
